PODS:
  - SDWebImage (5.15.5):
    - SDWebImage/Core (= 5.15.5)
  - SDWebImage/Core (5.15.5)

DEPENDENCIES:
  - SDWebImage (~> 5.0)

SPEC REPOS:
  trunk:
    - SDWebImage

SPEC CHECKSUMS:
  SDWebImage: fd7e1a22f00303e058058278639bf6196ee431fe

PODFILE CHECKSUM: 3eb1f8a8db00af6b2e224b0af4a5fdcae67338b8

COCOAPODS: 1.16.2
