// !$*UTF8*$!
{
	archiveVersion = 1;
	classes = {
	};
	objectVersion = 56;
	objects = {

/* Begin PBXBuildFile section */
		5A03B5F6FF825B1E3FCD7DCD /* Pods_FavoriteBands.framework in Frameworks */ = {isa = PBXBuildFile; fileRef = 134CDF3F01135FC47640B3A8 /* Pods_FavoriteBands.framework */; };
		920265522BF149BE00ED1589 /* bands.json in Resources */ = {isa = PBXBuildFile; fileRef = 920265512BF149BE00ED1589 /* bands.json */; };
		9240F2BF2BF27DD400C8B149 /* Section.swift in Sources */ = {isa = PBXBuildFile; fileRef = 9240F2BE2BF27DD400C8B149 /* Section.swift */; };
		92438A482BEA6ED3002E8986 /* AppDelegate.swift in Sources */ = {isa = PBXBuildFile; fileRef = 92438A472BEA6ED3002E8986 /* AppDelegate.swift */; };
		92438A4A2BEA6ED3002E8986 /* SceneDelegate.swift in Sources */ = {isa = PBXBuildFile; fileRef = 92438A492BEA6ED3002E8986 /* SceneDelegate.swift */; };
		92438A4C2BEA6ED3002E8986 /* FeedViewController.swift in Sources */ = {isa = PBXBuildFile; fileRef = 92438A4B2BEA6ED3002E8986 /* FeedViewController.swift */; };
		92438A512BEA6ED4002E8986 /* Assets.xcassets in Resources */ = {isa = PBXBuildFile; fileRef = 92438A502BEA6ED4002E8986 /* Assets.xcassets */; };
		92438A542BEA6ED4002E8986 /* LaunchScreen.storyboard in Resources */ = {isa = PBXBuildFile; fileRef = 92438A522BEA6ED4002E8986 /* LaunchScreen.storyboard */; };
		92ADBABB2BEA76DB00B3992E /* FeedViewModel.swift in Sources */ = {isa = PBXBuildFile; fileRef = 92ADBABA2BEA76DB00B3992E /* FeedViewModel.swift */; };
		92ADBABD2BEA7D7300B3992E /* FeedView.swift in Sources */ = {isa = PBXBuildFile; fileRef = 92ADBABC2BEA7D7300B3992E /* FeedView.swift */; };
		92ADBABF2BEA81D100B3992E /* FeedCell.swift in Sources */ = {isa = PBXBuildFile; fileRef = 92ADBABE2BEA81D100B3992E /* FeedCell.swift */; };
		92ADBAC12BEA899900B3992E /* Service.swift in Sources */ = {isa = PBXBuildFile; fileRef = 92ADBAC02BEA899900B3992E /* Service.swift */; };
		92ADBAC32BEA8B1600B3992E /* BandsResponse.swift in Sources */ = {isa = PBXBuildFile; fileRef = 92ADBAC22BEA8B1600B3992E /* BandsResponse.swift */; };
		92ADBAC52BEA8B5400B3992E /* FeedBand.swift in Sources */ = {isa = PBXBuildFile; fileRef = 92ADBAC42BEA8B5400B3992E /* FeedBand.swift */; };
		92ADBACA2BEA9B5300B3992E /* DetailsViewController.swift in Sources */ = {isa = PBXBuildFile; fileRef = 92ADBAC92BEA9B5300B3992E /* DetailsViewController.swift */; };
		92ADBACC2BEA9B8500B3992E /* DetailsView.swift in Sources */ = {isa = PBXBuildFile; fileRef = 92ADBACB2BEA9B8500B3992E /* DetailsView.swift */; };
		92ADBACE2BEAA07B00B3992E /* DetailsMemberCell.swift in Sources */ = {isa = PBXBuildFile; fileRef = 92ADBACD2BEAA07B00B3992E /* DetailsMemberCell.swift */; };
		92ADBAD02BEAAB8D00B3992E /* DetailsAlbumCell.swift in Sources */ = {isa = PBXBuildFile; fileRef = 92ADBACF2BEAAB8D00B3992E /* DetailsAlbumCell.swift */; };
		92ADBAD22BEAC58F00B3992E /* DetailsViewModel.swift in Sources */ = {isa = PBXBuildFile; fileRef = 92ADBAD12BEAC58F00B3992E /* DetailsViewModel.swift */; };
		92B2C3952BEA758400A49E6D /* Bindable.swift in Sources */ = {isa = PBXBuildFile; fileRef = 92B2C3942BEA758400A49E6D /* Bindable.swift */; };
/* End PBXBuildFile section */

/* Begin PBXFileReference section */
		134CDF3F01135FC47640B3A8 /* Pods_FavoriteBands.framework */ = {isa = PBXFileReference; explicitFileType = wrapper.framework; includeInIndex = 0; path = Pods_FavoriteBands.framework; sourceTree = BUILT_PRODUCTS_DIR; };
		4BE30F4891293869DFD3985C /* Pods-FavoriteBands.debug.xcconfig */ = {isa = PBXFileReference; includeInIndex = 1; lastKnownFileType = text.xcconfig; name = "Pods-FavoriteBands.debug.xcconfig"; path = "Target Support Files/Pods-FavoriteBands/Pods-FavoriteBands.debug.xcconfig"; sourceTree = "<group>"; };
		920265512BF149BE00ED1589 /* bands.json */ = {isa = PBXFileReference; lastKnownFileType = text.json; path = bands.json; sourceTree = "<group>"; };
		9240F2BE2BF27DD400C8B149 /* Section.swift */ = {isa = PBXFileReference; lastKnownFileType = sourcecode.swift; path = Section.swift; sourceTree = "<group>"; };
		92438A442BEA6ED3002E8986 /* FavoriteBands.app */ = {isa = PBXFileReference; explicitFileType = wrapper.application; includeInIndex = 0; path = FavoriteBands.app; sourceTree = BUILT_PRODUCTS_DIR; };
		92438A472BEA6ED3002E8986 /* AppDelegate.swift */ = {isa = PBXFileReference; lastKnownFileType = sourcecode.swift; path = AppDelegate.swift; sourceTree = "<group>"; };
		92438A492BEA6ED3002E8986 /* SceneDelegate.swift */ = {isa = PBXFileReference; lastKnownFileType = sourcecode.swift; path = SceneDelegate.swift; sourceTree = "<group>"; };
		92438A4B2BEA6ED3002E8986 /* FeedViewController.swift */ = {isa = PBXFileReference; lastKnownFileType = sourcecode.swift; path = FeedViewController.swift; sourceTree = "<group>"; };
		92438A502BEA6ED4002E8986 /* Assets.xcassets */ = {isa = PBXFileReference; lastKnownFileType = folder.assetcatalog; path = Assets.xcassets; sourceTree = "<group>"; };
		92438A532BEA6ED4002E8986 /* Base */ = {isa = PBXFileReference; lastKnownFileType = file.storyboard; name = Base; path = Base.lproj/LaunchScreen.storyboard; sourceTree = "<group>"; };
		92438A552BEA6ED4002E8986 /* Info.plist */ = {isa = PBXFileReference; lastKnownFileType = text.plist.xml; path = Info.plist; sourceTree = "<group>"; };
		92ADBABA2BEA76DB00B3992E /* FeedViewModel.swift */ = {isa = PBXFileReference; lastKnownFileType = sourcecode.swift; path = FeedViewModel.swift; sourceTree = "<group>"; };
		92ADBABC2BEA7D7300B3992E /* FeedView.swift */ = {isa = PBXFileReference; lastKnownFileType = sourcecode.swift; path = FeedView.swift; sourceTree = "<group>"; };
		92ADBABE2BEA81D100B3992E /* FeedCell.swift */ = {isa = PBXFileReference; lastKnownFileType = sourcecode.swift; path = FeedCell.swift; sourceTree = "<group>"; };
		92ADBAC02BEA899900B3992E /* Service.swift */ = {isa = PBXFileReference; lastKnownFileType = sourcecode.swift; path = Service.swift; sourceTree = "<group>"; };
		92ADBAC22BEA8B1600B3992E /* BandsResponse.swift */ = {isa = PBXFileReference; lastKnownFileType = sourcecode.swift; path = BandsResponse.swift; sourceTree = "<group>"; };
		92ADBAC42BEA8B5400B3992E /* FeedBand.swift */ = {isa = PBXFileReference; lastKnownFileType = sourcecode.swift; path = FeedBand.swift; sourceTree = "<group>"; };
		92ADBAC92BEA9B5300B3992E /* DetailsViewController.swift */ = {isa = PBXFileReference; lastKnownFileType = sourcecode.swift; path = DetailsViewController.swift; sourceTree = "<group>"; };
		92ADBACB2BEA9B8500B3992E /* DetailsView.swift */ = {isa = PBXFileReference; lastKnownFileType = sourcecode.swift; path = DetailsView.swift; sourceTree = "<group>"; };
		92ADBACD2BEAA07B00B3992E /* DetailsMemberCell.swift */ = {isa = PBXFileReference; lastKnownFileType = sourcecode.swift; path = DetailsMemberCell.swift; sourceTree = "<group>"; };
		92ADBACF2BEAAB8D00B3992E /* DetailsAlbumCell.swift */ = {isa = PBXFileReference; lastKnownFileType = sourcecode.swift; path = DetailsAlbumCell.swift; sourceTree = "<group>"; };
		92ADBAD12BEAC58F00B3992E /* DetailsViewModel.swift */ = {isa = PBXFileReference; lastKnownFileType = sourcecode.swift; path = DetailsViewModel.swift; sourceTree = "<group>"; };
		92B2C3942BEA758400A49E6D /* Bindable.swift */ = {isa = PBXFileReference; lastKnownFileType = sourcecode.swift; path = Bindable.swift; sourceTree = "<group>"; };
		AC830A9DCCB0826EC29EF047 /* Pods-FavoriteBands.release.xcconfig */ = {isa = PBXFileReference; includeInIndex = 1; lastKnownFileType = text.xcconfig; name = "Pods-FavoriteBands.release.xcconfig"; path = "Target Support Files/Pods-FavoriteBands/Pods-FavoriteBands.release.xcconfig"; sourceTree = "<group>"; };
/* End PBXFileReference section */

/* Begin PBXFrameworksBuildPhase section */
		92438A412BEA6ED3002E8986 /* Frameworks */ = {
			isa = PBXFrameworksBuildPhase;
			buildActionMask = 2147483647;
			files = (
				5A03B5F6FF825B1E3FCD7DCD /* Pods_FavoriteBands.framework in Frameworks */,
			);
			runOnlyForDeploymentPostprocessing = 0;
		};
/* End PBXFrameworksBuildPhase section */

/* Begin PBXGroup section */
		6A695C85A59EBD1B6B836817 /* Pods */ = {
			isa = PBXGroup;
			children = (
				4BE30F4891293869DFD3985C /* Pods-FavoriteBands.debug.xcconfig */,
				AC830A9DCCB0826EC29EF047 /* Pods-FavoriteBands.release.xcconfig */,
			);
			path = Pods;
			sourceTree = "<group>";
		};
		92438A3B2BEA6ED3002E8986 = {
			isa = PBXGroup;
			children = (
				92438A462BEA6ED3002E8986 /* FavoriteBands */,
				92438A452BEA6ED3002E8986 /* Products */,
				6A695C85A59EBD1B6B836817 /* Pods */,
				E0EC21B33753802D22C2CE9F /* Frameworks */,
			);
			sourceTree = "<group>";
		};
		92438A452BEA6ED3002E8986 /* Products */ = {
			isa = PBXGroup;
			children = (
				92438A442BEA6ED3002E8986 /* FavoriteBands.app */,
			);
			name = Products;
			sourceTree = "<group>";
		};
		92438A462BEA6ED3002E8986 /* FavoriteBands */ = {
			isa = PBXGroup;
			children = (
				92438A5C2BEA6FE9002E8986 /* App */,
				92438A5B2BEA6F98002E8986 /* Resources */,
			);
			path = FavoriteBands;
			sourceTree = "<group>";
		};
		92438A5B2BEA6F98002E8986 /* Resources */ = {
			isa = PBXGroup;
			children = (
				92438A472BEA6ED3002E8986 /* AppDelegate.swift */,
				92438A492BEA6ED3002E8986 /* SceneDelegate.swift */,
				92438A502BEA6ED4002E8986 /* Assets.xcassets */,
				92438A522BEA6ED4002E8986 /* LaunchScreen.storyboard */,
				92438A552BEA6ED4002E8986 /* Info.plist */,
			);
			path = Resources;
			sourceTree = "<group>";
		};
		92438A5C2BEA6FE9002E8986 /* App */ = {
			isa = PBXGroup;
			children = (
				92438A652BEA7041002E8986 /* Model */,
				92438A632BEA7036002E8986 /* Network */,
				92438A5D2BEA6FFA002E8986 /* Screens */,
				92438A642BEA703C002E8986 /* Utils */,
			);
			path = App;
			sourceTree = "<group>";
		};
		92438A5D2BEA6FFA002E8986 /* Screens */ = {
			isa = PBXGroup;
			children = (
				92438A5E2BEA7002002E8986 /* Feed */,
				92438A622BEA701F002E8986 /* Details */,
			);
			path = Screens;
			sourceTree = "<group>";
		};
		92438A5E2BEA7002002E8986 /* Feed */ = {
			isa = PBXGroup;
			children = (
				92438A612BEA7009002E8986 /* Controller */,
				92438A602BEA7009002E8986 /* View */,
				92438A5F2BEA7006002E8986 /* ViewModel */,
			);
			path = Feed;
			sourceTree = "<group>";
		};
		92438A5F2BEA7006002E8986 /* ViewModel */ = {
			isa = PBXGroup;
			children = (
				92ADBABA2BEA76DB00B3992E /* FeedViewModel.swift */,
			);
			path = ViewModel;
			sourceTree = "<group>";
		};
		92438A602BEA7009002E8986 /* View */ = {
			isa = PBXGroup;
			children = (
				92ADBABC2BEA7D7300B3992E /* FeedView.swift */,
				92ADBABE2BEA81D100B3992E /* FeedCell.swift */,
			);
			path = View;
			sourceTree = "<group>";
		};
		92438A612BEA7009002E8986 /* Controller */ = {
			isa = PBXGroup;
			children = (
				92438A4B2BEA6ED3002E8986 /* FeedViewController.swift */,
			);
			path = Controller;
			sourceTree = "<group>";
		};
		92438A622BEA701F002E8986 /* Details */ = {
			isa = PBXGroup;
			children = (
				92ADBAC82BEA9AD000B3992E /* Controller */,
				92ADBAC72BEA9ACF00B3992E /* View */,
				92ADBAC62BEA9ACD00B3992E /* ViewModel */,
			);
			path = Details;
			sourceTree = "<group>";
		};
		92438A632BEA7036002E8986 /* Network */ = {
			isa = PBXGroup;
			children = (
				92ADBAC02BEA899900B3992E /* Service.swift */,
			);
			path = Network;
			sourceTree = "<group>";
		};
		92438A642BEA703C002E8986 /* Utils */ = {
			isa = PBXGroup;
			children = (
				92B2C3942BEA758400A49E6D /* Bindable.swift */,
				920265512BF149BE00ED1589 /* bands.json */,
			);
			path = Utils;
			sourceTree = "<group>";
		};
		92438A652BEA7041002E8986 /* Model */ = {
			isa = PBXGroup;
			children = (
				92ADBAC42BEA8B5400B3992E /* FeedBand.swift */,
				92ADBAC22BEA8B1600B3992E /* BandsResponse.swift */,
				9240F2BE2BF27DD400C8B149 /* Section.swift */,
			);
			path = Model;
			sourceTree = "<group>";
		};
		92ADBAC62BEA9ACD00B3992E /* ViewModel */ = {
			isa = PBXGroup;
			children = (
				92ADBAD12BEAC58F00B3992E /* DetailsViewModel.swift */,
			);
			path = ViewModel;
			sourceTree = "<group>";
		};
		92ADBAC72BEA9ACF00B3992E /* View */ = {
			isa = PBXGroup;
			children = (
				92ADBACB2BEA9B8500B3992E /* DetailsView.swift */,
				92ADBACD2BEAA07B00B3992E /* DetailsMemberCell.swift */,
				92ADBACF2BEAAB8D00B3992E /* DetailsAlbumCell.swift */,
			);
			path = View;
			sourceTree = "<group>";
		};
		92ADBAC82BEA9AD000B3992E /* Controller */ = {
			isa = PBXGroup;
			children = (
				92ADBAC92BEA9B5300B3992E /* DetailsViewController.swift */,
			);
			path = Controller;
			sourceTree = "<group>";
		};
		E0EC21B33753802D22C2CE9F /* Frameworks */ = {
			isa = PBXGroup;
			children = (
				134CDF3F01135FC47640B3A8 /* Pods_FavoriteBands.framework */,
			);
			name = Frameworks;
			sourceTree = "<group>";
		};
/* End PBXGroup section */

/* Begin PBXNativeTarget section */
		92438A432BEA6ED3002E8986 /* FavoriteBands */ = {
			isa = PBXNativeTarget;
			buildConfigurationList = 92438A582BEA6ED4002E8986 /* Build configuration list for PBXNativeTarget "FavoriteBands" */;
			buildPhases = (
				F8331EC35753305A1601EFF9 /* [CP] Check Pods Manifest.lock */,
				92438A402BEA6ED3002E8986 /* Sources */,
				92438A412BEA6ED3002E8986 /* Frameworks */,
				92438A422BEA6ED3002E8986 /* Resources */,
				6882D164DE69D4F8A4791D2A /* [CP] Embed Pods Frameworks */,
			);
			buildRules = (
			);
			dependencies = (
			);
			name = FavoriteBands;
			productName = FavoriteBands;
			productReference = 92438A442BEA6ED3002E8986 /* FavoriteBands.app */;
			productType = "com.apple.product-type.application";
		};
/* End PBXNativeTarget section */

/* Begin PBXProject section */
		92438A3C2BEA6ED3002E8986 /* Project object */ = {
			isa = PBXProject;
			attributes = {
				BuildIndependentTargetsInParallel = 1;
				LastSwiftUpdateCheck = 1500;
				LastUpgradeCheck = 1500;
				TargetAttributes = {
					92438A432BEA6ED3002E8986 = {
						CreatedOnToolsVersion = 15.0.1;
					};
				};
			};
			buildConfigurationList = 92438A3F2BEA6ED3002E8986 /* Build configuration list for PBXProject "FavoriteBands" */;
			compatibilityVersion = "Xcode 14.0";
			developmentRegion = en;
			hasScannedForEncodings = 0;
			knownRegions = (
				en,
				Base,
			);
			mainGroup = 92438A3B2BEA6ED3002E8986;
			productRefGroup = 92438A452BEA6ED3002E8986 /* Products */;
			projectDirPath = "";
			projectRoot = "";
			targets = (
				92438A432BEA6ED3002E8986 /* FavoriteBands */,
			);
		};
/* End PBXProject section */

/* Begin PBXResourcesBuildPhase section */
		92438A422BEA6ED3002E8986 /* Resources */ = {
			isa = PBXResourcesBuildPhase;
			buildActionMask = 2147483647;
			files = (
				92438A542BEA6ED4002E8986 /* LaunchScreen.storyboard in Resources */,
				920265522BF149BE00ED1589 /* bands.json in Resources */,
				92438A512BEA6ED4002E8986 /* Assets.xcassets in Resources */,
			);
			runOnlyForDeploymentPostprocessing = 0;
		};
/* End PBXResourcesBuildPhase section */

/* Begin PBXShellScriptBuildPhase section */
		6882D164DE69D4F8A4791D2A /* [CP] Embed Pods Frameworks */ = {
			isa = PBXShellScriptBuildPhase;
			buildActionMask = 2147483647;
			files = (
			);
			inputFileListPaths = (
				"${PODS_ROOT}/Target Support Files/Pods-FavoriteBands/Pods-FavoriteBands-frameworks-${CONFIGURATION}-input-files.xcfilelist",
			);
			name = "[CP] Embed Pods Frameworks";
			outputFileListPaths = (
				"${PODS_ROOT}/Target Support Files/Pods-FavoriteBands/Pods-FavoriteBands-frameworks-${CONFIGURATION}-output-files.xcfilelist",
			);
			runOnlyForDeploymentPostprocessing = 0;
			shellPath = /bin/sh;
			shellScript = "\"${PODS_ROOT}/Target Support Files/Pods-FavoriteBands/Pods-FavoriteBands-frameworks.sh\"\n";
			showEnvVarsInLog = 0;
		};
		F8331EC35753305A1601EFF9 /* [CP] Check Pods Manifest.lock */ = {
			isa = PBXShellScriptBuildPhase;
			buildActionMask = 2147483647;
			files = (
			);
			inputFileListPaths = (
			);
			inputPaths = (
				"${PODS_PODFILE_DIR_PATH}/Podfile.lock",
				"${PODS_ROOT}/Manifest.lock",
			);
			name = "[CP] Check Pods Manifest.lock";
			outputFileListPaths = (
			);
			outputPaths = (
				"$(DERIVED_FILE_DIR)/Pods-FavoriteBands-checkManifestLockResult.txt",
			);
			runOnlyForDeploymentPostprocessing = 0;
			shellPath = /bin/sh;
			shellScript = "diff \"${PODS_PODFILE_DIR_PATH}/Podfile.lock\" \"${PODS_ROOT}/Manifest.lock\" > /dev/null\nif [ $? != 0 ] ; then\n    # print error to STDERR\n    echo \"error: The sandbox is not in sync with the Podfile.lock. Run 'pod install' or update your CocoaPods installation.\" >&2\n    exit 1\nfi\n# This output is used by Xcode 'outputs' to avoid re-running this script phase.\necho \"SUCCESS\" > \"${SCRIPT_OUTPUT_FILE_0}\"\n";
			showEnvVarsInLog = 0;
		};
/* End PBXShellScriptBuildPhase section */

/* Begin PBXSourcesBuildPhase section */
		92438A402BEA6ED3002E8986 /* Sources */ = {
			isa = PBXSourcesBuildPhase;
			buildActionMask = 2147483647;
			files = (
				92ADBABF2BEA81D100B3992E /* FeedCell.swift in Sources */,
				92ADBAC12BEA899900B3992E /* Service.swift in Sources */,
				92ADBAD22BEAC58F00B3992E /* DetailsViewModel.swift in Sources */,
				92ADBACC2BEA9B8500B3992E /* DetailsView.swift in Sources */,
				92ADBABB2BEA76DB00B3992E /* FeedViewModel.swift in Sources */,
				9240F2BF2BF27DD400C8B149 /* Section.swift in Sources */,
				92ADBAD02BEAAB8D00B3992E /* DetailsAlbumCell.swift in Sources */,
				92ADBACA2BEA9B5300B3992E /* DetailsViewController.swift in Sources */,
				92438A4C2BEA6ED3002E8986 /* FeedViewController.swift in Sources */,
				92ADBACE2BEAA07B00B3992E /* DetailsMemberCell.swift in Sources */,
				92438A482BEA6ED3002E8986 /* AppDelegate.swift in Sources */,
				92B2C3952BEA758400A49E6D /* Bindable.swift in Sources */,
				92ADBABD2BEA7D7300B3992E /* FeedView.swift in Sources */,
				92ADBAC32BEA8B1600B3992E /* BandsResponse.swift in Sources */,
				92ADBAC52BEA8B5400B3992E /* FeedBand.swift in Sources */,
				92438A4A2BEA6ED3002E8986 /* SceneDelegate.swift in Sources */,
			);
			runOnlyForDeploymentPostprocessing = 0;
		};
/* End PBXSourcesBuildPhase section */

/* Begin PBXVariantGroup section */
		92438A522BEA6ED4002E8986 /* LaunchScreen.storyboard */ = {
			isa = PBXVariantGroup;
			children = (
				92438A532BEA6ED4002E8986 /* Base */,
			);
			name = LaunchScreen.storyboard;
			sourceTree = "<group>";
		};
/* End PBXVariantGroup section */

/* Begin XCBuildConfiguration section */
		92438A562BEA6ED4002E8986 /* Debug */ = {
			isa = XCBuildConfiguration;
			buildSettings = {
				ALWAYS_SEARCH_USER_PATHS = NO;
				ASSETCATALOG_COMPILER_GENERATE_SWIFT_ASSET_SYMBOL_EXTENSIONS = YES;
				CLANG_ANALYZER_NONNULL = YES;
				CLANG_ANALYZER_NUMBER_OBJECT_CONVERSION = YES_AGGRESSIVE;
				CLANG_CXX_LANGUAGE_STANDARD = "gnu++20";
				CLANG_ENABLE_MODULES = YES;
				CLANG_ENABLE_OBJC_ARC = YES;
				CLANG_ENABLE_OBJC_WEAK = YES;
				CLANG_WARN_BLOCK_CAPTURE_AUTORELEASING = YES;
				CLANG_WARN_BOOL_CONVERSION = YES;
				CLANG_WARN_COMMA = YES;
				CLANG_WARN_CONSTANT_CONVERSION = YES;
				CLANG_WARN_DEPRECATED_OBJC_IMPLEMENTATIONS = YES;
				CLANG_WARN_DIRECT_OBJC_ISA_USAGE = YES_ERROR;
				CLANG_WARN_DOCUMENTATION_COMMENTS = YES;
				CLANG_WARN_EMPTY_BODY = YES;
				CLANG_WARN_ENUM_CONVERSION = YES;
				CLANG_WARN_INFINITE_RECURSION = YES;
				CLANG_WARN_INT_CONVERSION = YES;
				CLANG_WARN_NON_LITERAL_NULL_CONVERSION = YES;
				CLANG_WARN_OBJC_IMPLICIT_RETAIN_SELF = YES;
				CLANG_WARN_OBJC_LITERAL_CONVERSION = YES;
				CLANG_WARN_OBJC_ROOT_CLASS = YES_ERROR;
				CLANG_WARN_QUOTED_INCLUDE_IN_FRAMEWORK_HEADER = YES;
				CLANG_WARN_RANGE_LOOP_ANALYSIS = YES;
				CLANG_WARN_STRICT_PROTOTYPES = YES;
				CLANG_WARN_SUSPICIOUS_MOVE = YES;
				CLANG_WARN_UNGUARDED_AVAILABILITY = YES_AGGRESSIVE;
				CLANG_WARN_UNREACHABLE_CODE = YES;
				CLANG_WARN__DUPLICATE_METHOD_MATCH = YES;
				COPY_PHASE_STRIP = NO;
				DEBUG_INFORMATION_FORMAT = dwarf;
				ENABLE_STRICT_OBJC_MSGSEND = YES;
				ENABLE_TESTABILITY = YES;
				ENABLE_USER_SCRIPT_SANDBOXING = NO;
				GCC_C_LANGUAGE_STANDARD = gnu17;
				GCC_DYNAMIC_NO_PIC = NO;
				GCC_NO_COMMON_BLOCKS = YES;
				GCC_OPTIMIZATION_LEVEL = 0;
				GCC_PREPROCESSOR_DEFINITIONS = (
					"DEBUG=1",
					"$(inherited)",
				);
				GCC_WARN_64_TO_32_BIT_CONVERSION = YES;
				GCC_WARN_ABOUT_RETURN_TYPE = YES_ERROR;
				GCC_WARN_UNDECLARED_SELECTOR = YES;
				GCC_WARN_UNINITIALIZED_AUTOS = YES_AGGRESSIVE;
				GCC_WARN_UNUSED_FUNCTION = YES;
				GCC_WARN_UNUSED_VARIABLE = YES;
				IPHONEOS_DEPLOYMENT_TARGET = 17.0;
				LOCALIZATION_PREFERS_STRING_CATALOGS = YES;
				MTL_ENABLE_DEBUG_INFO = INCLUDE_SOURCE;
				MTL_FAST_MATH = YES;
				ONLY_ACTIVE_ARCH = YES;
				SDKROOT = iphoneos;
				SWIFT_ACTIVE_COMPILATION_CONDITIONS = "DEBUG $(inherited)";
				SWIFT_OPTIMIZATION_LEVEL = "-Onone";
			};
			name = Debug;
		};
		92438A572BEA6ED4002E8986 /* Release */ = {
			isa = XCBuildConfiguration;
			buildSettings = {
				ALWAYS_SEARCH_USER_PATHS = NO;
				ASSETCATALOG_COMPILER_GENERATE_SWIFT_ASSET_SYMBOL_EXTENSIONS = YES;
				CLANG_ANALYZER_NONNULL = YES;
				CLANG_ANALYZER_NUMBER_OBJECT_CONVERSION = YES_AGGRESSIVE;
				CLANG_CXX_LANGUAGE_STANDARD = "gnu++20";
				CLANG_ENABLE_MODULES = YES;
				CLANG_ENABLE_OBJC_ARC = YES;
				CLANG_ENABLE_OBJC_WEAK = YES;
				CLANG_WARN_BLOCK_CAPTURE_AUTORELEASING = YES;
				CLANG_WARN_BOOL_CONVERSION = YES;
				CLANG_WARN_COMMA = YES;
				CLANG_WARN_CONSTANT_CONVERSION = YES;
				CLANG_WARN_DEPRECATED_OBJC_IMPLEMENTATIONS = YES;
				CLANG_WARN_DIRECT_OBJC_ISA_USAGE = YES_ERROR;
				CLANG_WARN_DOCUMENTATION_COMMENTS = YES;
				CLANG_WARN_EMPTY_BODY = YES;
				CLANG_WARN_ENUM_CONVERSION = YES;
				CLANG_WARN_INFINITE_RECURSION = YES;
				CLANG_WARN_INT_CONVERSION = YES;
				CLANG_WARN_NON_LITERAL_NULL_CONVERSION = YES;
				CLANG_WARN_OBJC_IMPLICIT_RETAIN_SELF = YES;
				CLANG_WARN_OBJC_LITERAL_CONVERSION = YES;
				CLANG_WARN_OBJC_ROOT_CLASS = YES_ERROR;
				CLANG_WARN_QUOTED_INCLUDE_IN_FRAMEWORK_HEADER = YES;
				CLANG_WARN_RANGE_LOOP_ANALYSIS = YES;
				CLANG_WARN_STRICT_PROTOTYPES = YES;
				CLANG_WARN_SUSPICIOUS_MOVE = YES;
				CLANG_WARN_UNGUARDED_AVAILABILITY = YES_AGGRESSIVE;
				CLANG_WARN_UNREACHABLE_CODE = YES;
				CLANG_WARN__DUPLICATE_METHOD_MATCH = YES;
				COPY_PHASE_STRIP = NO;
				DEBUG_INFORMATION_FORMAT = "dwarf-with-dsym";
				ENABLE_NS_ASSERTIONS = NO;
				ENABLE_STRICT_OBJC_MSGSEND = YES;
				ENABLE_USER_SCRIPT_SANDBOXING = NO;
				GCC_C_LANGUAGE_STANDARD = gnu17;
				GCC_NO_COMMON_BLOCKS = YES;
				GCC_WARN_64_TO_32_BIT_CONVERSION = YES;
				GCC_WARN_ABOUT_RETURN_TYPE = YES_ERROR;
				GCC_WARN_UNDECLARED_SELECTOR = YES;
				GCC_WARN_UNINITIALIZED_AUTOS = YES_AGGRESSIVE;
				GCC_WARN_UNUSED_FUNCTION = YES;
				GCC_WARN_UNUSED_VARIABLE = YES;
				IPHONEOS_DEPLOYMENT_TARGET = 17.0;
				LOCALIZATION_PREFERS_STRING_CATALOGS = YES;
				MTL_ENABLE_DEBUG_INFO = NO;
				MTL_FAST_MATH = YES;
				SDKROOT = iphoneos;
				SWIFT_COMPILATION_MODE = wholemodule;
				VALIDATE_PRODUCT = YES;
			};
			name = Release;
		};
		92438A592BEA6ED4002E8986 /* Debug */ = {
			isa = XCBuildConfiguration;
			baseConfigurationReference = 4BE30F4891293869DFD3985C /* Pods-FavoriteBands.debug.xcconfig */;
			buildSettings = {
				ASSETCATALOG_COMPILER_APPICON_NAME = AppIcon;
				ASSETCATALOG_COMPILER_GLOBAL_ACCENT_COLOR_NAME = AccentColor;
				CODE_SIGN_STYLE = Automatic;
				CURRENT_PROJECT_VERSION = 1;
				DEVELOPMENT_TEAM = 57HYQW6DAG;
				GENERATE_INFOPLIST_FILE = YES;
				INFOPLIST_FILE = FavoriteBands/Info.plist;
				INFOPLIST_KEY_UIApplicationSupportsIndirectInputEvents = YES;
				INFOPLIST_KEY_UILaunchStoryboardName = LaunchScreen;
				INFOPLIST_KEY_UISupportedInterfaceOrientations = UIInterfaceOrientationPortrait;
				INFOPLIST_KEY_UISupportedInterfaceOrientations_iPad = "UIInterfaceOrientationPortrait UIInterfaceOrientationPortraitUpsideDown";
				LD_RUNPATH_SEARCH_PATHS = (
					"$(inherited)",
					"@executable_path/Frameworks",
				);
				MARKETING_VERSION = 1.0;
				PRODUCT_BUNDLE_IDENTIFIER = com.diggosilva.FavoriteBands;
				PRODUCT_NAME = "$(TARGET_NAME)";
				SWIFT_EMIT_LOC_STRINGS = YES;
				SWIFT_VERSION = 5.0;
				TARGETED_DEVICE_FAMILY = "1,2";
			};
			name = Debug;
		};
		92438A5A2BEA6ED4002E8986 /* Release */ = {
			isa = XCBuildConfiguration;
			baseConfigurationReference = AC830A9DCCB0826EC29EF047 /* Pods-FavoriteBands.release.xcconfig */;
			buildSettings = {
				ASSETCATALOG_COMPILER_APPICON_NAME = AppIcon;
				ASSETCATALOG_COMPILER_GLOBAL_ACCENT_COLOR_NAME = AccentColor;
				CODE_SIGN_STYLE = Automatic;
				CURRENT_PROJECT_VERSION = 1;
				DEVELOPMENT_TEAM = 57HYQW6DAG;
				GENERATE_INFOPLIST_FILE = YES;
				INFOPLIST_FILE = FavoriteBands/Info.plist;
				INFOPLIST_KEY_UIApplicationSupportsIndirectInputEvents = YES;
				INFOPLIST_KEY_UILaunchStoryboardName = LaunchScreen;
				INFOPLIST_KEY_UISupportedInterfaceOrientations = UIInterfaceOrientationPortrait;
				INFOPLIST_KEY_UISupportedInterfaceOrientations_iPad = "UIInterfaceOrientationPortrait UIInterfaceOrientationPortraitUpsideDown";
				LD_RUNPATH_SEARCH_PATHS = (
					"$(inherited)",
					"@executable_path/Frameworks",
				);
				MARKETING_VERSION = 1.0;
				PRODUCT_BUNDLE_IDENTIFIER = com.diggosilva.FavoriteBands;
				PRODUCT_NAME = "$(TARGET_NAME)";
				SWIFT_EMIT_LOC_STRINGS = YES;
				SWIFT_VERSION = 5.0;
				TARGETED_DEVICE_FAMILY = "1,2";
			};
			name = Release;
		};
/* End XCBuildConfiguration section */

/* Begin XCConfigurationList section */
		92438A3F2BEA6ED3002E8986 /* Build configuration list for PBXProject "FavoriteBands" */ = {
			isa = XCConfigurationList;
			buildConfigurations = (
				92438A562BEA6ED4002E8986 /* Debug */,
				92438A572BEA6ED4002E8986 /* Release */,
			);
			defaultConfigurationIsVisible = 0;
			defaultConfigurationName = Release;
		};
		92438A582BEA6ED4002E8986 /* Build configuration list for PBXNativeTarget "FavoriteBands" */ = {
			isa = XCConfigurationList;
			buildConfigurations = (
				92438A592BEA6ED4002E8986 /* Debug */,
				92438A5A2BEA6ED4002E8986 /* Release */,
			);
			defaultConfigurationIsVisible = 0;
			defaultConfigurationName = Release;
		};
/* End XCConfigurationList section */
	};
	rootObject = 92438A3C2BEA6ED3002E8986 /* Project object */;
}
